
Microsoft Visual Studio Solution File, Format Version 12.00
# Visual Studio 2013
VisualStudioVersion = 12.0.30723.0
MinimumVisualStudioVersion = 10.0.40219.1
Project("{FAE04EC0-301F-11D3-BF4B-00C04F79EFBC}") = "HashMaps", "HashMaps\HashMaps.csproj", "{9D9ACD56-6129-4D6D-B8B2-1A45EF156AF3}"
EndProject
Project("{FAE04EC0-301F-11D3-BF4B-00C04F79EFBC}") = "Modules", "Modules\Modules.csproj", "{05EDD4DD-A52F-45BC-B045-FD70DAF2927C}"
EndProject
Project("{FAE04EC0-301F-11D3-BF4B-00C04F79EFBC}") = "HashMaps.Data", "HashMaps.Data\HashMaps.Data.csproj", "{9982E3E2-AFFB-4671-A410-0BEB19CCE86E}"
EndProject
Project("{FAE04EC0-301F-11D3-BF4B-00C04F79EFBC}") = "HashMaps.Model", "HashMaps.Model\HashMaps.Model.csproj", "{9FF6DF72-84EF-4E9F-96EE-CBBEB9EB7466}"
EndProject
Global
	GlobalSection(SolutionConfigurationPlatforms) = preSolution
		Debug|Any CPU = Debug|Any CPU
		Release|Any CPU = Release|Any CPU
	EndGlobalSection
	GlobalSection(ProjectConfigurationPlatforms) = postSolution
		{9D9ACD56-6129-4D6D-B8B2-1A45EF156AF3}.Debug|Any CPU.ActiveCfg = Debug|Any CPU
		{9D9ACD56-6129-4D6D-B8B2-1A45EF156AF3}.Debug|Any CPU.Build.0 = Debug|Any CPU
		{9D9ACD56-6129-4D6D-B8B2-1A45EF156AF3}.Release|Any CPU.ActiveCfg = Release|Any CPU
		{9D9ACD56-6129-4D6D-B8B2-1A45EF156AF3}.Release|Any CPU.Build.0 = Release|Any CPU
		{05EDD4DD-A52F-45BC-B045-FD70DAF2927C}.Debug|Any CPU.ActiveCfg = Debug|Any CPU
		{05EDD4DD-A52F-45BC-B045-FD70DAF2927C}.Debug|Any CPU.Build.0 = Debug|Any CPU
		{05EDD4DD-A52F-45BC-B045-FD70DAF2927C}.Release|Any CPU.ActiveCfg = Release|Any CPU
		{05EDD4DD-A52F-45BC-B045-FD70DAF2927C}.Release|Any CPU.Build.0 = Release|Any CPU
		{9982E3E2-AFFB-4671-A410-0BEB19CCE86E}.Debug|Any CPU.ActiveCfg = Debug|Any CPU
		{9982E3E2-AFFB-4671-A410-0BEB19CCE86E}.Debug|Any CPU.Build.0 = Debug|Any CPU
		{9982E3E2-AFFB-4671-A410-0BEB19CCE86E}.Release|Any CPU.ActiveCfg = Release|Any CPU
		{9982E3E2-AFFB-4671-A410-0BEB19CCE86E}.Release|Any CPU.Build.0 = Release|Any CPU
		{9FF6DF72-84EF-4E9F-96EE-CBBEB9EB7466}.Debug|Any CPU.ActiveCfg = Debug|Any CPU
		{9FF6DF72-84EF-4E9F-96EE-CBBEB9EB7466}.Debug|Any CPU.Build.0 = Debug|Any CPU
		{9FF6DF72-84EF-4E9F-96EE-CBBEB9EB7466}.Release|Any CPU.ActiveCfg = Release|Any CPU
		{9FF6DF72-84EF-4E9F-96EE-CBBEB9EB7466}.Release|Any CPU.Build.0 = Release|Any CPU
	EndGlobalSection
	GlobalSection(SolutionProperties) = preSolution
		HideSolutionNode = FALSE
	EndGlobalSection
EndGlobal
